
Microsoft Visual Studio Solution File, Format Version 12.00
# Visual Studio Version 17
VisualStudioVersion = 17.11.35312.102
MinimumVisualStudioVersion = 10.0.40219.1
Project("{2150E333-8FDC-42A3-9474-1A3956D46DE8}") = "Solution Items", "Solution Items", "{23A74465-93FB-4D0C-A0A9-8AA81449B8C8}"
	ProjectSection(SolutionItems) = preProject
		.gitignore = .gitignore
		readme.md = readme.md
	EndProjectSection
EndProject
Project("{2150E333-8FDC-42A3-9474-1A3956D46DE8}") = "src", "src", "{33AFEB5A-DF18-4F94-86EB-5625355C8DD3}"
EndProject
Project("{2150E333-8FDC-42A3-9474-1A3956D46DE8}") = "Modules", "Modules", "{976001A6-D1FE-4490-AA59-B990905A563D}"
EndProject
Project("{2150E333-8FDC-42A3-9474-1A3956D46DE8}") = "Ordering", "Ordering", "{F85AC39B-48E7-4799-B4DF-BB22E5F6DF87}"
EndProject
Project("{2150E333-8FDC-42A3-9474-1A3956D46DE8}") = "Infrastructure", "Infrastructure", "{73550467-E39F-468D-A2E7-D6D37F07722E}"
EndProject
Project("{9A19103F-16F7-4668-BE54-9A1E7A4F7556}") = "ServiceDefaults", "ServiceDefaults\ServiceDefaults.csproj", "{4928BB9D-4B05-4184-9512-ED5D0A7C69BB}"
EndProject
Project("{9A19103F-16F7-4668-BE54-9A1E7A4F7556}") = "EventBusRabbitMQ", "EventBusRabbitMQ\EventBusRabbitMQ.csproj", "{7F86EE11-BAC8-4170-97A7-FF4A6FF7EE94}"
EndProject
Project("{9A19103F-16F7-4668-BE54-9A1E7A4F7556}") = "EventBus", "EventBus\EventBus.csproj", "{74425823-A48F-4FEF-941D-0D1F8E4C090B}"
EndProject
Project("{9A19103F-16F7-4668-BE54-9A1E7A4F7556}") = "IntegrationEventLogEF", "IntegrationEventLogEF\IntegrationEventLogEF.csproj", "{0FA1C34E-3097-4710-A920-FF0502FEC29B}"
EndProject
Project("{9A19103F-16F7-4668-BE54-9A1E7A4F7556}") = "ReverseProxy", "ReverseProxy\ReverseProxy.csproj", "{EA242475-8944-4D9C-9509-FE5796F616F0}"
EndProject
Project("{2150E333-8FDC-42A3-9474-1A3956D46DE8}") = "EventBus", "EventBus", "{EEF27FF7-8D45-441B-874E-4D58FF601E3A}"
EndProject
Project("{2150E333-8FDC-42A3-9474-1A3956D46DE8}") = "Basket", "Basket", "{CAD6A737-B380-430A-ADF6-828279D2C025}"
EndProject
Project("{2150E333-8FDC-42A3-9474-1A3956D46DE8}") = "Webhook", "Webhook", "{D2B471EB-32A1-4B5D-8BF3-62F4D35C6E77}"
EndProject
Project("{9A19103F-16F7-4668-BE54-9A1E7A4F7556}") = "Basket.Api", "Basket.Api\Basket.Api.csproj", "{C0B16EA7-8047-457B-8664-6363A01C632D}"
EndProject
Project("{FAE04EC0-301F-11D3-BF4B-00C04F79EFBC}") = "Webhook.Api", "Webhook.Api\Webhook.Api.csproj", "{EA927DF6-8DFE-4990-8B30-63BF2B4AC923}"
EndProject
Project("{FAE04EC0-301F-11D3-BF4B-00C04F79EFBC}") = "Webhook.Client", "Webhook.Client\Webhook.Client.csproj", "{8D3F6E93-13BD-4594-84BF-6A33DFCC0BF0}"
EndProject
Project("{2150E333-8FDC-42A3-9474-1A3956D46DE8}") = "Identity", "Identity", "{6BDC8EB8-6C8C-4ECE-9A66-2C5E71D72B60}"
EndProject
Project("{2150E333-8FDC-42A3-9474-1A3956D46DE8}") = "Catalog", "Catalog", "{DE878A4B-17BB-4A79-A18A-50981E62877D}"
EndProject
Project("{FAE04EC0-301F-11D3-BF4B-00C04F79EFBC}") = "Ordering.Domain", "Ordering.Domain\Ordering.Domain.csproj", "{083E326B-77ED-48C6-B841-4A54FEAE649A}"
EndProject
Project("{FAE04EC0-301F-11D3-BF4B-00C04F79EFBC}") = "Ordering.Infrastructure", "Ordering.Infrastructure\Ordering.Infrastructure.csproj", "{EA2D2894-62B0-4F65-963C-9AECB76C8BF6}"
EndProject
Project("{FAE04EC0-301F-11D3-BF4B-00C04F79EFBC}") = "Ordering.API", "Ordering.API\Ordering.API.csproj", "{66B31A46-1B7D-45F0-8FC6-AB14471B4A70}"
EndProject
Project("{FAE04EC0-301F-11D3-BF4B-00C04F79EFBC}") = "OrderProcessor", "OrderProcessor\OrderProcessor.csproj", "{FD4BF638-5721-42FF-9D96-DEE8D921C492}"
EndProject
Project("{2150E333-8FDC-42A3-9474-1A3956D46DE8}") = "Payment", "Payment", "{898B016F-DA20-48F3-978B-C22BA8C534BB}"
EndProject
Project("{FAE04EC0-301F-11D3-BF4B-00C04F79EFBC}") = "PaymentProcessor", "PaymentProcessor\PaymentProcessor.csproj", "{12131F4B-3268-4F49-96FA-D61E4743A076}"
EndProject
Global
	GlobalSection(SolutionConfigurationPlatforms) = preSolution
		Debug|Any CPU = Debug|Any CPU
		Release|Any CPU = Release|Any CPU
	EndGlobalSection
	GlobalSection(ProjectConfigurationPlatforms) = postSolution
		{4928BB9D-4B05-4184-9512-ED5D0A7C69BB}.Debug|Any CPU.ActiveCfg = Debug|Any CPU
		{4928BB9D-4B05-4184-9512-ED5D0A7C69BB}.Debug|Any CPU.Build.0 = Debug|Any CPU
		{4928BB9D-4B05-4184-9512-ED5D0A7C69BB}.Release|Any CPU.ActiveCfg = Release|Any CPU
		{4928BB9D-4B05-4184-9512-ED5D0A7C69BB}.Release|Any CPU.Build.0 = Release|Any CPU
		{7F86EE11-BAC8-4170-97A7-FF4A6FF7EE94}.Debug|Any CPU.ActiveCfg = Debug|Any CPU
		{7F86EE11-BAC8-4170-97A7-FF4A6FF7EE94}.Debug|Any CPU.Build.0 = Debug|Any CPU
		{7F86EE11-BAC8-4170-97A7-FF4A6FF7EE94}.Release|Any CPU.ActiveCfg = Release|Any CPU
		{7F86EE11-BAC8-4170-97A7-FF4A6FF7EE94}.Release|Any CPU.Build.0 = Release|Any CPU
		{74425823-A48F-4FEF-941D-0D1F8E4C090B}.Debug|Any CPU.ActiveCfg = Debug|Any CPU
		{74425823-A48F-4FEF-941D-0D1F8E4C090B}.Debug|Any CPU.Build.0 = Debug|Any CPU
		{74425823-A48F-4FEF-941D-0D1F8E4C090B}.Release|Any CPU.ActiveCfg = Release|Any CPU
		{74425823-A48F-4FEF-941D-0D1F8E4C090B}.Release|Any CPU.Build.0 = Release|Any CPU
		{0FA1C34E-3097-4710-A920-FF0502FEC29B}.Debug|Any CPU.ActiveCfg = Debug|Any CPU
		{0FA1C34E-3097-4710-A920-FF0502FEC29B}.Debug|Any CPU.Build.0 = Debug|Any CPU
		{0FA1C34E-3097-4710-A920-FF0502FEC29B}.Release|Any CPU.ActiveCfg = Release|Any CPU
		{0FA1C34E-3097-4710-A920-FF0502FEC29B}.Release|Any CPU.Build.0 = Release|Any CPU
		{EA242475-8944-4D9C-9509-FE5796F616F0}.Debug|Any CPU.ActiveCfg = Debug|Any CPU
		{EA242475-8944-4D9C-9509-FE5796F616F0}.Debug|Any CPU.Build.0 = Debug|Any CPU
		{EA242475-8944-4D9C-9509-FE5796F616F0}.Release|Any CPU.ActiveCfg = Release|Any CPU
		{EA242475-8944-4D9C-9509-FE5796F616F0}.Release|Any CPU.Build.0 = Release|Any CPU
		{C0B16EA7-8047-457B-8664-6363A01C632D}.Debug|Any CPU.ActiveCfg = Debug|Any CPU
		{C0B16EA7-8047-457B-8664-6363A01C632D}.Debug|Any CPU.Build.0 = Debug|Any CPU
		{C0B16EA7-8047-457B-8664-6363A01C632D}.Release|Any CPU.ActiveCfg = Release|Any CPU
		{C0B16EA7-8047-457B-8664-6363A01C632D}.Release|Any CPU.Build.0 = Release|Any CPU
		{EA927DF6-8DFE-4990-8B30-63BF2B4AC923}.Debug|Any CPU.ActiveCfg = Debug|Any CPU
		{EA927DF6-8DFE-4990-8B30-63BF2B4AC923}.Debug|Any CPU.Build.0 = Debug|Any CPU
		{EA927DF6-8DFE-4990-8B30-63BF2B4AC923}.Release|Any CPU.ActiveCfg = Release|Any CPU
		{EA927DF6-8DFE-4990-8B30-63BF2B4AC923}.Release|Any CPU.Build.0 = Release|Any CPU
		{8D3F6E93-13BD-4594-84BF-6A33DFCC0BF0}.Debug|Any CPU.ActiveCfg = Debug|Any CPU
		{8D3F6E93-13BD-4594-84BF-6A33DFCC0BF0}.Debug|Any CPU.Build.0 = Debug|Any CPU
		{8D3F6E93-13BD-4594-84BF-6A33DFCC0BF0}.Release|Any CPU.ActiveCfg = Release|Any CPU
		{8D3F6E93-13BD-4594-84BF-6A33DFCC0BF0}.Release|Any CPU.Build.0 = Release|Any CPU
		{083E326B-77ED-48C6-B841-4A54FEAE649A}.Debug|Any CPU.ActiveCfg = Debug|Any CPU
		{083E326B-77ED-48C6-B841-4A54FEAE649A}.Debug|Any CPU.Build.0 = Debug|Any CPU
		{083E326B-77ED-48C6-B841-4A54FEAE649A}.Release|Any CPU.ActiveCfg = Release|Any CPU
		{083E326B-77ED-48C6-B841-4A54FEAE649A}.Release|Any CPU.Build.0 = Release|Any CPU
		{EA2D2894-62B0-4F65-963C-9AECB76C8BF6}.Debug|Any CPU.ActiveCfg = Debug|Any CPU
		{EA2D2894-62B0-4F65-963C-9AECB76C8BF6}.Debug|Any CPU.Build.0 = Debug|Any CPU
		{EA2D2894-62B0-4F65-963C-9AECB76C8BF6}.Release|Any CPU.ActiveCfg = Release|Any CPU
		{EA2D2894-62B0-4F65-963C-9AECB76C8BF6}.Release|Any CPU.Build.0 = Release|Any CPU
		{66B31A46-1B7D-45F0-8FC6-AB14471B4A70}.Debug|Any CPU.ActiveCfg = Debug|Any CPU
		{66B31A46-1B7D-45F0-8FC6-AB14471B4A70}.Debug|Any CPU.Build.0 = Debug|Any CPU
		{66B31A46-1B7D-45F0-8FC6-AB14471B4A70}.Release|Any CPU.ActiveCfg = Release|Any CPU
		{66B31A46-1B7D-45F0-8FC6-AB14471B4A70}.Release|Any CPU.Build.0 = Release|Any CPU
		{FD4BF638-5721-42FF-9D96-DEE8D921C492}.Debug|Any CPU.ActiveCfg = Debug|Any CPU
		{FD4BF638-5721-42FF-9D96-DEE8D921C492}.Debug|Any CPU.Build.0 = Debug|Any CPU
		{FD4BF638-5721-42FF-9D96-DEE8D921C492}.Release|Any CPU.ActiveCfg = Release|Any CPU
		{FD4BF638-5721-42FF-9D96-DEE8D921C492}.Release|Any CPU.Build.0 = Release|Any CPU
		{12131F4B-3268-4F49-96FA-D61E4743A076}.Debug|Any CPU.ActiveCfg = Debug|Any CPU
		{12131F4B-3268-4F49-96FA-D61E4743A076}.Debug|Any CPU.Build.0 = Debug|Any CPU
		{12131F4B-3268-4F49-96FA-D61E4743A076}.Release|Any CPU.ActiveCfg = Release|Any CPU
		{12131F4B-3268-4F49-96FA-D61E4743A076}.Release|Any CPU.Build.0 = Release|Any CPU
	EndGlobalSection
	GlobalSection(SolutionProperties) = preSolution
		HideSolutionNode = FALSE
	EndGlobalSection
	GlobalSection(NestedProjects) = preSolution
		{976001A6-D1FE-4490-AA59-B990905A563D} = {33AFEB5A-DF18-4F94-86EB-5625355C8DD3}
		{F85AC39B-48E7-4799-B4DF-BB22E5F6DF87} = {976001A6-D1FE-4490-AA59-B990905A563D}
		{73550467-E39F-468D-A2E7-D6D37F07722E} = {33AFEB5A-DF18-4F94-86EB-5625355C8DD3}
		{4928BB9D-4B05-4184-9512-ED5D0A7C69BB} = {73550467-E39F-468D-A2E7-D6D37F07722E}
		{7F86EE11-BAC8-4170-97A7-FF4A6FF7EE94} = {EEF27FF7-8D45-441B-874E-4D58FF601E3A}
		{74425823-A48F-4FEF-941D-0D1F8E4C090B} = {EEF27FF7-8D45-441B-874E-4D58FF601E3A}
		{0FA1C34E-3097-4710-A920-FF0502FEC29B} = {73550467-E39F-468D-A2E7-D6D37F07722E}
		{EA242475-8944-4D9C-9509-FE5796F616F0} = {73550467-E39F-468D-A2E7-D6D37F07722E}
		{EEF27FF7-8D45-441B-874E-4D58FF601E3A} = {73550467-E39F-468D-A2E7-D6D37F07722E}
		{CAD6A737-B380-430A-ADF6-828279D2C025} = {976001A6-D1FE-4490-AA59-B990905A563D}
		{D2B471EB-32A1-4B5D-8BF3-62F4D35C6E77} = {73550467-E39F-468D-A2E7-D6D37F07722E}
		{C0B16EA7-8047-457B-8664-6363A01C632D} = {CAD6A737-B380-430A-ADF6-828279D2C025}
		{EA927DF6-8DFE-4990-8B30-63BF2B4AC923} = {D2B471EB-32A1-4B5D-8BF3-62F4D35C6E77}
		{8D3F6E93-13BD-4594-84BF-6A33DFCC0BF0} = {D2B471EB-32A1-4B5D-8BF3-62F4D35C6E77}
		{6BDC8EB8-6C8C-4ECE-9A66-2C5E71D72B60} = {976001A6-D1FE-4490-AA59-B990905A563D}
		{DE878A4B-17BB-4A79-A18A-50981E62877D} = {976001A6-D1FE-4490-AA59-B990905A563D}
		{083E326B-77ED-48C6-B841-4A54FEAE649A} = {F85AC39B-48E7-4799-B4DF-BB22E5F6DF87}
		{EA2D2894-62B0-4F65-963C-9AECB76C8BF6} = {F85AC39B-48E7-4799-B4DF-BB22E5F6DF87}
		{66B31A46-1B7D-45F0-8FC6-AB14471B4A70} = {F85AC39B-48E7-4799-B4DF-BB22E5F6DF87}
		{FD4BF638-5721-42FF-9D96-DEE8D921C492} = {F85AC39B-48E7-4799-B4DF-BB22E5F6DF87}
		{898B016F-DA20-48F3-978B-C22BA8C534BB} = {976001A6-D1FE-4490-AA59-B990905A563D}
		{12131F4B-3268-4F49-96FA-D61E4743A076} = {898B016F-DA20-48F3-978B-C22BA8C534BB}
	EndGlobalSection
	GlobalSection(ExtensibilityGlobals) = postSolution
		SolutionGuid = {45D93712-5AFF-417F-B57C-6A7D9AC88FD8}
	EndGlobalSection
EndGlobal
